{
  "name": "umrs-project",
  "lockfileVersion": 3,
  "requires": true,
  "packages": {
    "": {
      "dependencies": {
        "@sntke/antora-mermaid-extension": "^0.0.9"
      }
    },
    "node_modules/@sntke/antora-mermaid-extension": {
      "version": "0.0.9",
      "resolved": "https://registry.npmjs.org/@sntke/antora-mermaid-extension/-/antora-mermaid-extension-0.0.9.tgz",
      "integrity": "sha512-anIXpQiVITVlT5DipMaGq8A2BdUpaSR28hazwYx1Nk5Hq/5ntAXkqrDmrMI9auoofvAP+eBjshdDE4Ice9UMjw==",
      "license": "MIT"
    }
  }
}
